
Microsoft Visual Studio Solution File, Format Version 12.00
# Visual Studio 15
VisualStudioVersion = 15.0.28010.2046
MinimumVisualStudioVersion = 10.0.40219.1
Project("{FAE04EC0-301F-11D3-BF4B-00C04F79EFBC}") = "COMP123-S2019-Lesson8B", "COMP123-S2019-Lesson7B\COMP123-S2019-Lesson8B.csproj", "{93801D49-953A-4130-B11B-EC5F90059FAC}"
EndProject
Global
	GlobalSection(SolutionConfigurationPlatforms) = preSolution
		Debug|Any CPU = Debug|Any CPU
		Release|Any CPU = Release|Any CPU
	EndGlobalSection
	GlobalSection(ProjectConfigurationPlatforms) = postSolution
		{93801D49-953A-4130-B11B-EC5F90059FAC}.Debug|Any CPU.ActiveCfg = Debug|Any CPU
		{93801D49-953A-4130-B11B-EC5F90059FAC}.Debug|Any CPU.Build.0 = Debug|Any CPU
		{93801D49-953A-4130-B11B-EC5F90059FAC}.Release|Any CPU.ActiveCfg = Release|Any CPU
		{93801D49-953A-4130-B11B-EC5F90059FAC}.Release|Any CPU.Build.0 = Release|Any CPU
	EndGlobalSection
	GlobalSection(SolutionProperties) = preSolution
		HideSolutionNode = FALSE
	EndGlobalSection
	GlobalSection(ExtensibilityGlobals) = postSolution
		SolutionGuid = {DD22550E-5785-44B2-AE77-6FF66FB7CDB9}
	EndGlobalSection
EndGlobal
